
Microsoft Visual Studio Solution File, Format Version 12.00
# Visual Studio Version 17
VisualStudioVersion = 17.0.31903.59
MinimumVisualStudioVersion = 10.0.40219.1
Project("{2150E333-8FDC-42A3-9474-1A3956D46DE8}") = "src", "src", "{827E0CD3-B72D-47B6-A68D-7590B98EB39B}"
EndProject
Project("{FAE04EC0-301F-11D3-BF4B-00C04F79EFBC}") = "SmartAlarm.Domain", "src\SmartAlarm.Domain\SmartAlarm.Domain.csproj", "{EC20F460-E1E9-40C3-92B9-DA33041C567B}"
EndProject
Project("{FAE04EC0-301F-11D3-BF4B-00C04F79EFBC}") = "SmartAlarm.Application", "src\SmartAlarm.Application\SmartAlarm.Application.csproj", "{1B8FAC5E-42E6-4DF0-80A0-9DF1C115E1EE}"
EndProject
Project("{FAE04EC0-301F-11D3-BF4B-00C04F79EFBC}") = "SmartAlarm.Infrastructure", "src\SmartAlarm.Infrastructure\SmartAlarm.Infrastructure.csproj", "{7A09D366-1B8F-4444-8245-C46E60431F75}"
EndProject
Project("{FAE04EC0-301F-11D3-BF4B-00C04F79EFBC}") = "SmartAlarm.Api", "src\SmartAlarm.Api\SmartAlarm.Api.csproj", "{3C5A41C4-7120-421C-9CB8-7794348EB905}"
EndProject
Project("{FAE04EC0-301F-11D3-BF4B-00C04F79EFBC}") = "SmartAlarm.Observability", "src\SmartAlarm.Observability\SmartAlarm.Observability.csproj", "{14066969-865F-4569-BB1B-371D42E65E9A}"
EndProject
Project("{2150E333-8FDC-42A3-9474-1A3956D46DE8}") = "tests", "tests", "{0AB3BF05-4346-4AA6-1389-037BE0695223}"
EndProject
Project("{FAE04EC0-301F-11D3-BF4B-00C04F79EFBC}") = "SmartAlarm.Tests", "tests\SmartAlarm.Tests\SmartAlarm.Tests.csproj", "{A76FCCFE-6D09-4283-9645-2534509DA723}"
EndProject
Project("{FAE04EC0-301F-11D3-BF4B-00C04F79EFBC}") = "SmartAlarm.KeyVault", "src\SmartAlarm.KeyVault\SmartAlarm.KeyVault.csproj", "{84B63EB9-7979-4A74-A650-D370FC1BC385}"
EndProject
Project("{FAE04EC0-301F-11D3-BF4B-00C04F79EFBC}") = "SmartAlarm.KeyVault.Tests", "tests\SmartAlarm.KeyVault.Tests\SmartAlarm.KeyVault.Tests.csproj", "{82CD2256-A499-4669-95E3-E68FE09B34C0}"
EndProject
Project("{FAE04EC0-301F-11D3-BF4B-00C04F79EFBC}") = "SmartAlarm.Infrastructure.Tests", "tests\SmartAlarm.Infrastructure.Tests\SmartAlarm.Infrastructure.Tests.csproj", "{17D3C6D7-6E51-483E-97D5-CEE7826F30C4}"
EndProject
Project("{FAE04EC0-301F-11D3-BF4B-00C04F79EFBC}") = "SmartAlarm.Application.Tests", "tests\SmartAlarm.Application.Tests\SmartAlarm.Application.Tests.csproj", "{8C15F45F-DA1A-4277-AE54-7CD79B78C9A7}"
EndProject
Global
	GlobalSection(SolutionConfigurationPlatforms) = preSolution
		Debug|Any CPU = Debug|Any CPU
		Debug|x64 = Debug|x64
		Debug|x86 = Debug|x86
		Release|Any CPU = Release|Any CPU
		Release|x64 = Release|x64
		Release|x86 = Release|x86
	EndGlobalSection
	GlobalSection(ProjectConfigurationPlatforms) = postSolution
		{EC20F460-E1E9-40C3-92B9-DA33041C567B}.Debug|Any CPU.ActiveCfg = Debug|Any CPU
		{EC20F460-E1E9-40C3-92B9-DA33041C567B}.Debug|Any CPU.Build.0 = Debug|Any CPU
		{EC20F460-E1E9-40C3-92B9-DA33041C567B}.Debug|x64.ActiveCfg = Debug|Any CPU
		{EC20F460-E1E9-40C3-92B9-DA33041C567B}.Debug|x64.Build.0 = Debug|Any CPU
		{EC20F460-E1E9-40C3-92B9-DA33041C567B}.Debug|x86.ActiveCfg = Debug|Any CPU
		{EC20F460-E1E9-40C3-92B9-DA33041C567B}.Debug|x86.Build.0 = Debug|Any CPU
		{EC20F460-E1E9-40C3-92B9-DA33041C567B}.Release|Any CPU.ActiveCfg = Release|Any CPU
		{EC20F460-E1E9-40C3-92B9-DA33041C567B}.Release|Any CPU.Build.0 = Release|Any CPU
		{EC20F460-E1E9-40C3-92B9-DA33041C567B}.Release|x64.ActiveCfg = Release|Any CPU
		{EC20F460-E1E9-40C3-92B9-DA33041C567B}.Release|x64.Build.0 = Release|Any CPU
		{EC20F460-E1E9-40C3-92B9-DA33041C567B}.Release|x86.ActiveCfg = Release|Any CPU
		{EC20F460-E1E9-40C3-92B9-DA33041C567B}.Release|x86.Build.0 = Release|Any CPU
		{1B8FAC5E-42E6-4DF0-80A0-9DF1C115E1EE}.Debug|Any CPU.ActiveCfg = Debug|Any CPU
		{1B8FAC5E-42E6-4DF0-80A0-9DF1C115E1EE}.Debug|Any CPU.Build.0 = Debug|Any CPU
		{1B8FAC5E-42E6-4DF0-80A0-9DF1C115E1EE}.Debug|x64.ActiveCfg = Debug|Any CPU
		{1B8FAC5E-42E6-4DF0-80A0-9DF1C115E1EE}.Debug|x64.Build.0 = Debug|Any CPU
		{1B8FAC5E-42E6-4DF0-80A0-9DF1C115E1EE}.Debug|x86.ActiveCfg = Debug|Any CPU
		{1B8FAC5E-42E6-4DF0-80A0-9DF1C115E1EE}.Debug|x86.Build.0 = Debug|Any CPU
		{1B8FAC5E-42E6-4DF0-80A0-9DF1C115E1EE}.Release|Any CPU.ActiveCfg = Release|Any CPU
		{1B8FAC5E-42E6-4DF0-80A0-9DF1C115E1EE}.Release|Any CPU.Build.0 = Release|Any CPU
		{1B8FAC5E-42E6-4DF0-80A0-9DF1C115E1EE}.Release|x64.ActiveCfg = Release|Any CPU
		{1B8FAC5E-42E6-4DF0-80A0-9DF1C115E1EE}.Release|x64.Build.0 = Release|Any CPU
		{1B8FAC5E-42E6-4DF0-80A0-9DF1C115E1EE}.Release|x86.ActiveCfg = Release|Any CPU
		{1B8FAC5E-42E6-4DF0-80A0-9DF1C115E1EE}.Release|x86.Build.0 = Release|Any CPU
		{7A09D366-1B8F-4444-8245-C46E60431F75}.Debug|Any CPU.ActiveCfg = Debug|Any CPU
		{7A09D366-1B8F-4444-8245-C46E60431F75}.Debug|Any CPU.Build.0 = Debug|Any CPU
		{7A09D366-1B8F-4444-8245-C46E60431F75}.Debug|x64.ActiveCfg = Debug|Any CPU
		{7A09D366-1B8F-4444-8245-C46E60431F75}.Debug|x64.Build.0 = Debug|Any CPU
		{7A09D366-1B8F-4444-8245-C46E60431F75}.Debug|x86.ActiveCfg = Debug|Any CPU
		{7A09D366-1B8F-4444-8245-C46E60431F75}.Debug|x86.Build.0 = Debug|Any CPU
		{7A09D366-1B8F-4444-8245-C46E60431F75}.Release|Any CPU.ActiveCfg = Release|Any CPU
		{7A09D366-1B8F-4444-8245-C46E60431F75}.Release|Any CPU.Build.0 = Release|Any CPU
		{7A09D366-1B8F-4444-8245-C46E60431F75}.Release|x64.ActiveCfg = Release|Any CPU
		{7A09D366-1B8F-4444-8245-C46E60431F75}.Release|x64.Build.0 = Release|Any CPU
		{7A09D366-1B8F-4444-8245-C46E60431F75}.Release|x86.ActiveCfg = Release|Any CPU
		{7A09D366-1B8F-4444-8245-C46E60431F75}.Release|x86.Build.0 = Release|Any CPU
		{3C5A41C4-7120-421C-9CB8-7794348EB905}.Debug|Any CPU.ActiveCfg = Debug|Any CPU
		{3C5A41C4-7120-421C-9CB8-7794348EB905}.Debug|Any CPU.Build.0 = Debug|Any CPU
		{3C5A41C4-7120-421C-9CB8-7794348EB905}.Debug|x64.ActiveCfg = Debug|Any CPU
		{3C5A41C4-7120-421C-9CB8-7794348EB905}.Debug|x64.Build.0 = Debug|Any CPU
		{3C5A41C4-7120-421C-9CB8-7794348EB905}.Debug|x86.ActiveCfg = Debug|Any CPU
		{3C5A41C4-7120-421C-9CB8-7794348EB905}.Debug|x86.Build.0 = Debug|Any CPU
		{3C5A41C4-7120-421C-9CB8-7794348EB905}.Release|Any CPU.ActiveCfg = Release|Any CPU
		{3C5A41C4-7120-421C-9CB8-7794348EB905}.Release|Any CPU.Build.0 = Release|Any CPU
		{3C5A41C4-7120-421C-9CB8-7794348EB905}.Release|x64.ActiveCfg = Release|Any CPU
		{3C5A41C4-7120-421C-9CB8-7794348EB905}.Release|x64.Build.0 = Release|Any CPU
		{3C5A41C4-7120-421C-9CB8-7794348EB905}.Release|x86.ActiveCfg = Release|Any CPU
		{3C5A41C4-7120-421C-9CB8-7794348EB905}.Release|x86.Build.0 = Release|Any CPU
		{14066969-865F-4569-BB1B-371D42E65E9A}.Debug|Any CPU.ActiveCfg = Debug|Any CPU
		{14066969-865F-4569-BB1B-371D42E65E9A}.Debug|Any CPU.Build.0 = Debug|Any CPU
		{14066969-865F-4569-BB1B-371D42E65E9A}.Debug|x64.ActiveCfg = Debug|Any CPU
		{14066969-865F-4569-BB1B-371D42E65E9A}.Debug|x64.Build.0 = Debug|Any CPU
		{14066969-865F-4569-BB1B-371D42E65E9A}.Debug|x86.ActiveCfg = Debug|Any CPU
		{14066969-865F-4569-BB1B-371D42E65E9A}.Debug|x86.Build.0 = Debug|Any CPU
		{14066969-865F-4569-BB1B-371D42E65E9A}.Release|Any CPU.ActiveCfg = Release|Any CPU
		{14066969-865F-4569-BB1B-371D42E65E9A}.Release|Any CPU.Build.0 = Release|Any CPU
		{14066969-865F-4569-BB1B-371D42E65E9A}.Release|x64.ActiveCfg = Release|Any CPU
		{14066969-865F-4569-BB1B-371D42E65E9A}.Release|x64.Build.0 = Release|Any CPU
		{14066969-865F-4569-BB1B-371D42E65E9A}.Release|x86.ActiveCfg = Release|Any CPU
		{14066969-865F-4569-BB1B-371D42E65E9A}.Release|x86.Build.0 = Release|Any CPU
		{A76FCCFE-6D09-4283-9645-2534509DA723}.Debug|Any CPU.ActiveCfg = Debug|Any CPU
		{A76FCCFE-6D09-4283-9645-2534509DA723}.Debug|Any CPU.Build.0 = Debug|Any CPU
		{A76FCCFE-6D09-4283-9645-2534509DA723}.Debug|x64.ActiveCfg = Debug|Any CPU
		{A76FCCFE-6D09-4283-9645-2534509DA723}.Debug|x64.Build.0 = Debug|Any CPU
		{A76FCCFE-6D09-4283-9645-2534509DA723}.Debug|x86.ActiveCfg = Debug|Any CPU
		{A76FCCFE-6D09-4283-9645-2534509DA723}.Debug|x86.Build.0 = Debug|Any CPU
		{A76FCCFE-6D09-4283-9645-2534509DA723}.Release|Any CPU.ActiveCfg = Release|Any CPU
		{A76FCCFE-6D09-4283-9645-2534509DA723}.Release|Any CPU.Build.0 = Release|Any CPU
		{A76FCCFE-6D09-4283-9645-2534509DA723}.Release|x64.ActiveCfg = Release|Any CPU
		{A76FCCFE-6D09-4283-9645-2534509DA723}.Release|x64.Build.0 = Release|Any CPU
		{A76FCCFE-6D09-4283-9645-2534509DA723}.Release|x86.ActiveCfg = Release|Any CPU
		{A76FCCFE-6D09-4283-9645-2534509DA723}.Release|x86.Build.0 = Release|Any CPU
		{84B63EB9-7979-4A74-A650-D370FC1BC385}.Debug|Any CPU.ActiveCfg = Debug|Any CPU
		{84B63EB9-7979-4A74-A650-D370FC1BC385}.Debug|Any CPU.Build.0 = Debug|Any CPU
		{84B63EB9-7979-4A74-A650-D370FC1BC385}.Debug|x64.ActiveCfg = Debug|Any CPU
		{84B63EB9-7979-4A74-A650-D370FC1BC385}.Debug|x64.Build.0 = Debug|Any CPU
		{84B63EB9-7979-4A74-A650-D370FC1BC385}.Debug|x86.ActiveCfg = Debug|Any CPU
		{84B63EB9-7979-4A74-A650-D370FC1BC385}.Debug|x86.Build.0 = Debug|Any CPU
		{84B63EB9-7979-4A74-A650-D370FC1BC385}.Release|Any CPU.ActiveCfg = Release|Any CPU
		{84B63EB9-7979-4A74-A650-D370FC1BC385}.Release|Any CPU.Build.0 = Release|Any CPU
		{84B63EB9-7979-4A74-A650-D370FC1BC385}.Release|x64.ActiveCfg = Release|Any CPU
		{84B63EB9-7979-4A74-A650-D370FC1BC385}.Release|x64.Build.0 = Release|Any CPU
		{84B63EB9-7979-4A74-A650-D370FC1BC385}.Release|x86.ActiveCfg = Release|Any CPU
		{84B63EB9-7979-4A74-A650-D370FC1BC385}.Release|x86.Build.0 = Release|Any CPU
		{82CD2256-A499-4669-95E3-E68FE09B34C0}.Debug|Any CPU.ActiveCfg = Debug|Any CPU
		{82CD2256-A499-4669-95E3-E68FE09B34C0}.Debug|Any CPU.Build.0 = Debug|Any CPU
		{82CD2256-A499-4669-95E3-E68FE09B34C0}.Debug|x64.ActiveCfg = Debug|Any CPU
		{82CD2256-A499-4669-95E3-E68FE09B34C0}.Debug|x64.Build.0 = Debug|Any CPU
		{82CD2256-A499-4669-95E3-E68FE09B34C0}.Debug|x86.ActiveCfg = Debug|Any CPU
		{82CD2256-A499-4669-95E3-E68FE09B34C0}.Debug|x86.Build.0 = Debug|Any CPU
		{82CD2256-A499-4669-95E3-E68FE09B34C0}.Release|Any CPU.ActiveCfg = Release|Any CPU
		{82CD2256-A499-4669-95E3-E68FE09B34C0}.Release|Any CPU.Build.0 = Release|Any CPU
		{82CD2256-A499-4669-95E3-E68FE09B34C0}.Release|x64.ActiveCfg = Release|Any CPU
		{82CD2256-A499-4669-95E3-E68FE09B34C0}.Release|x64.Build.0 = Release|Any CPU
		{82CD2256-A499-4669-95E3-E68FE09B34C0}.Release|x86.ActiveCfg = Release|Any CPU
		{82CD2256-A499-4669-95E3-E68FE09B34C0}.Release|x86.Build.0 = Release|Any CPU
		{17D3C6D7-6E51-483E-97D5-CEE7826F30C4}.Debug|Any CPU.ActiveCfg = Debug|Any CPU
		{17D3C6D7-6E51-483E-97D5-CEE7826F30C4}.Debug|Any CPU.Build.0 = Debug|Any CPU
		{17D3C6D7-6E51-483E-97D5-CEE7826F30C4}.Debug|x64.ActiveCfg = Debug|Any CPU
		{17D3C6D7-6E51-483E-97D5-CEE7826F30C4}.Debug|x64.Build.0 = Debug|Any CPU
		{17D3C6D7-6E51-483E-97D5-CEE7826F30C4}.Debug|x86.ActiveCfg = Debug|Any CPU
		{17D3C6D7-6E51-483E-97D5-CEE7826F30C4}.Debug|x86.Build.0 = Debug|Any CPU
		{17D3C6D7-6E51-483E-97D5-CEE7826F30C4}.Release|Any CPU.ActiveCfg = Release|Any CPU
		{17D3C6D7-6E51-483E-97D5-CEE7826F30C4}.Release|Any CPU.Build.0 = Release|Any CPU
		{17D3C6D7-6E51-483E-97D5-CEE7826F30C4}.Release|x64.ActiveCfg = Release|Any CPU
		{17D3C6D7-6E51-483E-97D5-CEE7826F30C4}.Release|x64.Build.0 = Release|Any CPU
		{17D3C6D7-6E51-483E-97D5-CEE7826F30C4}.Release|x86.ActiveCfg = Release|Any CPU
		{17D3C6D7-6E51-483E-97D5-CEE7826F30C4}.Release|x86.Build.0 = Release|Any CPU
		{8C15F45F-DA1A-4277-AE54-7CD79B78C9A7}.Debug|Any CPU.ActiveCfg = Debug|Any CPU
		{8C15F45F-DA1A-4277-AE54-7CD79B78C9A7}.Debug|Any CPU.Build.0 = Debug|Any CPU
		{8C15F45F-DA1A-4277-AE54-7CD79B78C9A7}.Debug|x64.ActiveCfg = Debug|Any CPU
		{8C15F45F-DA1A-4277-AE54-7CD79B78C9A7}.Debug|x64.Build.0 = Debug|Any CPU
		{8C15F45F-DA1A-4277-AE54-7CD79B78C9A7}.Debug|x86.ActiveCfg = Debug|Any CPU
		{8C15F45F-DA1A-4277-AE54-7CD79B78C9A7}.Debug|x86.Build.0 = Debug|Any CPU
		{8C15F45F-DA1A-4277-AE54-7CD79B78C9A7}.Release|Any CPU.ActiveCfg = Release|Any CPU
		{8C15F45F-DA1A-4277-AE54-7CD79B78C9A7}.Release|Any CPU.Build.0 = Release|Any CPU
		{8C15F45F-DA1A-4277-AE54-7CD79B78C9A7}.Release|x64.ActiveCfg = Release|Any CPU
		{8C15F45F-DA1A-4277-AE54-7CD79B78C9A7}.Release|x64.Build.0 = Release|Any CPU
		{8C15F45F-DA1A-4277-AE54-7CD79B78C9A7}.Release|x86.ActiveCfg = Release|Any CPU
		{8C15F45F-DA1A-4277-AE54-7CD79B78C9A7}.Release|x86.Build.0 = Release|Any CPU
	EndGlobalSection
	GlobalSection(SolutionProperties) = preSolution
		HideSolutionNode = FALSE
	EndGlobalSection
	GlobalSection(NestedProjects) = preSolution
		{EC20F460-E1E9-40C3-92B9-DA33041C567B} = {827E0CD3-B72D-47B6-A68D-7590B98EB39B}
		{1B8FAC5E-42E6-4DF0-80A0-9DF1C115E1EE} = {827E0CD3-B72D-47B6-A68D-7590B98EB39B}
		{7A09D366-1B8F-4444-8245-C46E60431F75} = {827E0CD3-B72D-47B6-A68D-7590B98EB39B}
		{3C5A41C4-7120-421C-9CB8-7794348EB905} = {827E0CD3-B72D-47B6-A68D-7590B98EB39B}
		{14066969-865F-4569-BB1B-371D42E65E9A} = {827E0CD3-B72D-47B6-A68D-7590B98EB39B}
		{A76FCCFE-6D09-4283-9645-2534509DA723} = {0AB3BF05-4346-4AA6-1389-037BE0695223}
		{84B63EB9-7979-4A74-A650-D370FC1BC385} = {827E0CD3-B72D-47B6-A68D-7590B98EB39B}
		{82CD2256-A499-4669-95E3-E68FE09B34C0} = {0AB3BF05-4346-4AA6-1389-037BE0695223}
		{17D3C6D7-6E51-483E-97D5-CEE7826F30C4} = {0AB3BF05-4346-4AA6-1389-037BE0695223}
		{8C15F45F-DA1A-4277-AE54-7CD79B78C9A7} = {0AB3BF05-4346-4AA6-1389-037BE0695223}
	EndGlobalSection
EndGlobal
