
Microsoft Visual Studio Solution File, Format Version 12.00
# Visual Studio Version 17
VisualStudioVersion = 17.0.31903.59
MinimumVisualStudioVersion = 10.0.40219.1
Project("{2150E333-8FDC-42A3-9474-1A3956D46DE8}") = "src", "src", "{827E0CD3-B72D-47B6-A68D-7590B98EB39B}"
EndProject
Project("{FAE04EC0-301F-11D3-BF4B-00C04F79EFBC}") = "SmartAlarm.Domain", "src\SmartAlarm.Domain\SmartAlarm.Domain.csproj", "{EC20F460-E1E9-40C3-92B9-DA33041C567B}"
EndProject
Project("{FAE04EC0-301F-11D3-BF4B-00C04F79EFBC}") = "SmartAlarm.Application", "src\SmartAlarm.Application\SmartAlarm.Application.csproj", "{1B8FAC5E-42E6-4DF0-80A0-9DF1C115E1EE}"
EndProject
Project("{FAE04EC0-301F-11D3-BF4B-00C04F79EFBC}") = "SmartAlarm.Infrastructure", "src\SmartAlarm.Infrastructure\SmartAlarm.Infrastructure.csproj", "{7A09D366-1B8F-4444-8245-C46E60431F75}"
EndProject
Project("{FAE04EC0-301F-11D3-BF4B-00C04F79EFBC}") = "SmartAlarm.Api", "src\SmartAlarm.Api\SmartAlarm.Api.csproj", "{3C5A41C4-7120-421C-9CB8-7794348EB905}"
EndProject
Project("{2150E333-8FDC-42A3-9474-1A3956D46DE8}") = "tests", "tests", "{0AB3BF05-4346-4AA6-1389-037BE0695223}"
EndProject
Project("{FAE04EC0-301F-11D3-BF4B-00C04F79EFBC}") = "SmartAlarm.Tests", "tests\SmartAlarm.Tests\SmartAlarm.Tests.csproj", "{A76FCCFE-6D09-4283-9645-2534509DA723}"
EndProject
Project("{FAE04EC0-301F-11D3-BF4B-00C04F79EFBC}") = "SmartAlarm.KeyVault", "src\SmartAlarm.KeyVault\SmartAlarm.KeyVault.csproj", "{84B63EB9-7979-4A74-A650-D370FC1BC385}"
EndProject
Project("{FAE04EC0-301F-11D3-BF4B-00C04F79EFBC}") = "SmartAlarm.KeyVault.Tests", "tests\SmartAlarm.KeyVault.Tests\SmartAlarm.KeyVault.Tests.csproj", "{82CD2256-A499-4669-95E3-E68FE09B34C0}"
EndProject
Project("{FAE04EC0-301F-11D3-BF4B-00C04F79EFBC}") = "SmartAlarm.Infrastructure.Tests", "tests\SmartAlarm.Infrastructure.Tests\SmartAlarm.Infrastructure.Tests.csproj", "{17D3C6D7-6E51-483E-97D5-CEE7826F30C4}"
EndProject
Project("{FAE04EC0-301F-11D3-BF4B-00C04F79EFBC}") = "SmartAlarm.Application.Tests", "tests\SmartAlarm.Application.Tests\SmartAlarm.Application.Tests.csproj", "{8C15F45F-DA1A-4277-AE54-7CD79B78C9A7}"
EndProject
Project("{FAE04EC0-301F-11D3-BF4B-00C04F79EFBC}") = "SmartAlarm.Observability", "src\SmartAlarm.Observability\SmartAlarm.Observability.csproj", "{61AA4B84-B4F7-460F-9795-5619B30D4489}"
EndProject
Project("{2150E333-8FDC-42A3-9474-1A3956D46DE8}") = "services", "services", "{5854FF58-B8C5-05C6-5BF2-ACE42193F22B}"
EndProject
Project("{2150E333-8FDC-42A3-9474-1A3956D46DE8}") = "ai-service", "ai-service", "{0ED35D3F-1D0D-3663-7390-57D121E8D07B}"
EndProject
Project("{FAE04EC0-301F-11D3-BF4B-00C04F79EFBC}") = "AiService", "services\ai-service\AiService.csproj", "{F6FB775A-0665-4534-9406-35F4D07A96CF}"
EndProject
Project("{2150E333-8FDC-42A3-9474-1A3956D46DE8}") = "alarm-service", "alarm-service", "{2004EF9C-5992-6A92-9D26-C41AE69D64AD}"
EndProject
Project("{FAE04EC0-301F-11D3-BF4B-00C04F79EFBC}") = "AlarmService", "services\alarm-service\AlarmService.csproj", "{3A1FC18D-799E-4A8C-AD1A-BB87F26FBC38}"
EndProject
Project("{2150E333-8FDC-42A3-9474-1A3956D46DE8}") = "integration-service", "integration-service", "{326F2CD6-A4A0-26A8-90D1-E4512EF5DD5F}"
EndProject
Project("{FAE04EC0-301F-11D3-BF4B-00C04F79EFBC}") = "IntegrationService", "services\integration-service\IntegrationService.csproj", "{82934D21-EBB5-4A99-B8EF-D628F24511D3}"
EndProject
Global
	GlobalSection(SolutionConfigurationPlatforms) = preSolution
		Debug|Any CPU = Debug|Any CPU
		Debug|x64 = Debug|x64
		Debug|x86 = Debug|x86
		Release|Any CPU = Release|Any CPU
		Release|x64 = Release|x64
		Release|x86 = Release|x86
	EndGlobalSection
	GlobalSection(ProjectConfigurationPlatforms) = postSolution
		{EC20F460-E1E9-40C3-92B9-DA33041C567B}.Debug|Any CPU.ActiveCfg = Debug|Any CPU
		{EC20F460-E1E9-40C3-92B9-DA33041C567B}.Debug|Any CPU.Build.0 = Debug|Any CPU
		{EC20F460-E1E9-40C3-92B9-DA33041C567B}.Debug|x64.ActiveCfg = Debug|Any CPU
		{EC20F460-E1E9-40C3-92B9-DA33041C567B}.Debug|x64.Build.0 = Debug|Any CPU
		{EC20F460-E1E9-40C3-92B9-DA33041C567B}.Debug|x86.ActiveCfg = Debug|Any CPU
		{EC20F460-E1E9-40C3-92B9-DA33041C567B}.Debug|x86.Build.0 = Debug|Any CPU
		{EC20F460-E1E9-40C3-92B9-DA33041C567B}.Release|Any CPU.ActiveCfg = Release|Any CPU
		{EC20F460-E1E9-40C3-92B9-DA33041C567B}.Release|Any CPU.Build.0 = Release|Any CPU
		{EC20F460-E1E9-40C3-92B9-DA33041C567B}.Release|x64.ActiveCfg = Release|Any CPU
		{EC20F460-E1E9-40C3-92B9-DA33041C567B}.Release|x64.Build.0 = Release|Any CPU
		{EC20F460-E1E9-40C3-92B9-DA33041C567B}.Release|x86.ActiveCfg = Release|Any CPU
		{EC20F460-E1E9-40C3-92B9-DA33041C567B}.Release|x86.Build.0 = Release|Any CPU
		{1B8FAC5E-42E6-4DF0-80A0-9DF1C115E1EE}.Debug|Any CPU.ActiveCfg = Debug|Any CPU
		{1B8FAC5E-42E6-4DF0-80A0-9DF1C115E1EE}.Debug|Any CPU.Build.0 = Debug|Any CPU
		{1B8FAC5E-42E6-4DF0-80A0-9DF1C115E1EE}.Debug|x64.ActiveCfg = Debug|Any CPU
		{1B8FAC5E-42E6-4DF0-80A0-9DF1C115E1EE}.Debug|x64.Build.0 = Debug|Any CPU
		{1B8FAC5E-42E6-4DF0-80A0-9DF1C115E1EE}.Debug|x86.ActiveCfg = Debug|Any CPU
		{1B8FAC5E-42E6-4DF0-80A0-9DF1C115E1EE}.Debug|x86.Build.0 = Debug|Any CPU
		{1B8FAC5E-42E6-4DF0-80A0-9DF1C115E1EE}.Release|Any CPU.ActiveCfg = Release|Any CPU
		{1B8FAC5E-42E6-4DF0-80A0-9DF1C115E1EE}.Release|Any CPU.Build.0 = Release|Any CPU
		{1B8FAC5E-42E6-4DF0-80A0-9DF1C115E1EE}.Release|x64.ActiveCfg = Release|Any CPU
		{1B8FAC5E-42E6-4DF0-80A0-9DF1C115E1EE}.Release|x64.Build.0 = Release|Any CPU
		{1B8FAC5E-42E6-4DF0-80A0-9DF1C115E1EE}.Release|x86.ActiveCfg = Release|Any CPU
		{1B8FAC5E-42E6-4DF0-80A0-9DF1C115E1EE}.Release|x86.Build.0 = Release|Any CPU
		{7A09D366-1B8F-4444-8245-C46E60431F75}.Debug|Any CPU.ActiveCfg = Debug|Any CPU
		{7A09D366-1B8F-4444-8245-C46E60431F75}.Debug|Any CPU.Build.0 = Debug|Any CPU
		{7A09D366-1B8F-4444-8245-C46E60431F75}.Debug|x64.ActiveCfg = Debug|Any CPU
		{7A09D366-1B8F-4444-8245-C46E60431F75}.Debug|x64.Build.0 = Debug|Any CPU
		{7A09D366-1B8F-4444-8245-C46E60431F75}.Debug|x86.ActiveCfg = Debug|Any CPU
		{7A09D366-1B8F-4444-8245-C46E60431F75}.Debug|x86.Build.0 = Debug|Any CPU
		{7A09D366-1B8F-4444-8245-C46E60431F75}.Release|Any CPU.ActiveCfg = Release|Any CPU
		{7A09D366-1B8F-4444-8245-C46E60431F75}.Release|Any CPU.Build.0 = Release|Any CPU
		{7A09D366-1B8F-4444-8245-C46E60431F75}.Release|x64.ActiveCfg = Release|Any CPU
		{7A09D366-1B8F-4444-8245-C46E60431F75}.Release|x64.Build.0 = Release|Any CPU
		{7A09D366-1B8F-4444-8245-C46E60431F75}.Release|x86.ActiveCfg = Release|Any CPU
		{7A09D366-1B8F-4444-8245-C46E60431F75}.Release|x86.Build.0 = Release|Any CPU
		{3C5A41C4-7120-421C-9CB8-7794348EB905}.Debug|Any CPU.ActiveCfg = Debug|Any CPU
		{3C5A41C4-7120-421C-9CB8-7794348EB905}.Debug|Any CPU.Build.0 = Debug|Any CPU
		{3C5A41C4-7120-421C-9CB8-7794348EB905}.Debug|x64.ActiveCfg = Debug|Any CPU
		{3C5A41C4-7120-421C-9CB8-7794348EB905}.Debug|x64.Build.0 = Debug|Any CPU
		{3C5A41C4-7120-421C-9CB8-7794348EB905}.Debug|x86.ActiveCfg = Debug|Any CPU
		{3C5A41C4-7120-421C-9CB8-7794348EB905}.Debug|x86.Build.0 = Debug|Any CPU
		{3C5A41C4-7120-421C-9CB8-7794348EB905}.Release|Any CPU.ActiveCfg = Release|Any CPU
		{3C5A41C4-7120-421C-9CB8-7794348EB905}.Release|Any CPU.Build.0 = Release|Any CPU
		{3C5A41C4-7120-421C-9CB8-7794348EB905}.Release|x64.ActiveCfg = Release|Any CPU
		{3C5A41C4-7120-421C-9CB8-7794348EB905}.Release|x64.Build.0 = Release|Any CPU
		{3C5A41C4-7120-421C-9CB8-7794348EB905}.Release|x86.ActiveCfg = Release|Any CPU
		{3C5A41C4-7120-421C-9CB8-7794348EB905}.Release|x86.Build.0 = Release|Any CPU
		{A76FCCFE-6D09-4283-9645-2534509DA723}.Debug|Any CPU.ActiveCfg = Debug|Any CPU
		{A76FCCFE-6D09-4283-9645-2534509DA723}.Debug|Any CPU.Build.0 = Debug|Any CPU
		{A76FCCFE-6D09-4283-9645-2534509DA723}.Debug|x64.ActiveCfg = Debug|Any CPU
		{A76FCCFE-6D09-4283-9645-2534509DA723}.Debug|x64.Build.0 = Debug|Any CPU
		{A76FCCFE-6D09-4283-9645-2534509DA723}.Debug|x86.ActiveCfg = Debug|Any CPU
		{A76FCCFE-6D09-4283-9645-2534509DA723}.Debug|x86.Build.0 = Debug|Any CPU
		{A76FCCFE-6D09-4283-9645-2534509DA723}.Release|Any CPU.ActiveCfg = Release|Any CPU
		{A76FCCFE-6D09-4283-9645-2534509DA723}.Release|Any CPU.Build.0 = Release|Any CPU
		{A76FCCFE-6D09-4283-9645-2534509DA723}.Release|x64.ActiveCfg = Release|Any CPU
		{A76FCCFE-6D09-4283-9645-2534509DA723}.Release|x64.Build.0 = Release|Any CPU
		{A76FCCFE-6D09-4283-9645-2534509DA723}.Release|x86.ActiveCfg = Release|Any CPU
		{A76FCCFE-6D09-4283-9645-2534509DA723}.Release|x86.Build.0 = Release|Any CPU
		{84B63EB9-7979-4A74-A650-D370FC1BC385}.Debug|Any CPU.ActiveCfg = Debug|Any CPU
		{84B63EB9-7979-4A74-A650-D370FC1BC385}.Debug|Any CPU.Build.0 = Debug|Any CPU
		{84B63EB9-7979-4A74-A650-D370FC1BC385}.Debug|x64.ActiveCfg = Debug|Any CPU
		{84B63EB9-7979-4A74-A650-D370FC1BC385}.Debug|x64.Build.0 = Debug|Any CPU
		{84B63EB9-7979-4A74-A650-D370FC1BC385}.Debug|x86.ActiveCfg = Debug|Any CPU
		{84B63EB9-7979-4A74-A650-D370FC1BC385}.Debug|x86.Build.0 = Debug|Any CPU
		{84B63EB9-7979-4A74-A650-D370FC1BC385}.Release|Any CPU.ActiveCfg = Release|Any CPU
		{84B63EB9-7979-4A74-A650-D370FC1BC385}.Release|Any CPU.Build.0 = Release|Any CPU
		{84B63EB9-7979-4A74-A650-D370FC1BC385}.Release|x64.ActiveCfg = Release|Any CPU
		{84B63EB9-7979-4A74-A650-D370FC1BC385}.Release|x64.Build.0 = Release|Any CPU
		{84B63EB9-7979-4A74-A650-D370FC1BC385}.Release|x86.ActiveCfg = Release|Any CPU
		{84B63EB9-7979-4A74-A650-D370FC1BC385}.Release|x86.Build.0 = Release|Any CPU
		{82CD2256-A499-4669-95E3-E68FE09B34C0}.Debug|Any CPU.ActiveCfg = Debug|Any CPU
		{82CD2256-A499-4669-95E3-E68FE09B34C0}.Debug|Any CPU.Build.0 = Debug|Any CPU
		{82CD2256-A499-4669-95E3-E68FE09B34C0}.Debug|x64.ActiveCfg = Debug|Any CPU
		{82CD2256-A499-4669-95E3-E68FE09B34C0}.Debug|x64.Build.0 = Debug|Any CPU
		{82CD2256-A499-4669-95E3-E68FE09B34C0}.Debug|x86.ActiveCfg = Debug|Any CPU
		{82CD2256-A499-4669-95E3-E68FE09B34C0}.Debug|x86.Build.0 = Debug|Any CPU
		{82CD2256-A499-4669-95E3-E68FE09B34C0}.Release|Any CPU.ActiveCfg = Release|Any CPU
		{82CD2256-A499-4669-95E3-E68FE09B34C0}.Release|Any CPU.Build.0 = Release|Any CPU
		{82CD2256-A499-4669-95E3-E68FE09B34C0}.Release|x64.ActiveCfg = Release|Any CPU
		{82CD2256-A499-4669-95E3-E68FE09B34C0}.Release|x64.Build.0 = Release|Any CPU
		{82CD2256-A499-4669-95E3-E68FE09B34C0}.Release|x86.ActiveCfg = Release|Any CPU
		{82CD2256-A499-4669-95E3-E68FE09B34C0}.Release|x86.Build.0 = Release|Any CPU
		{17D3C6D7-6E51-483E-97D5-CEE7826F30C4}.Debug|Any CPU.ActiveCfg = Debug|Any CPU
		{17D3C6D7-6E51-483E-97D5-CEE7826F30C4}.Debug|Any CPU.Build.0 = Debug|Any CPU
		{17D3C6D7-6E51-483E-97D5-CEE7826F30C4}.Debug|x64.ActiveCfg = Debug|Any CPU
		{17D3C6D7-6E51-483E-97D5-CEE7826F30C4}.Debug|x64.Build.0 = Debug|Any CPU
		{17D3C6D7-6E51-483E-97D5-CEE7826F30C4}.Debug|x86.ActiveCfg = Debug|Any CPU
		{17D3C6D7-6E51-483E-97D5-CEE7826F30C4}.Debug|x86.Build.0 = Debug|Any CPU
		{17D3C6D7-6E51-483E-97D5-CEE7826F30C4}.Release|Any CPU.ActiveCfg = Release|Any CPU
		{17D3C6D7-6E51-483E-97D5-CEE7826F30C4}.Release|Any CPU.Build.0 = Release|Any CPU
		{17D3C6D7-6E51-483E-97D5-CEE7826F30C4}.Release|x64.ActiveCfg = Release|Any CPU
		{17D3C6D7-6E51-483E-97D5-CEE7826F30C4}.Release|x64.Build.0 = Release|Any CPU
		{17D3C6D7-6E51-483E-97D5-CEE7826F30C4}.Release|x86.ActiveCfg = Release|Any CPU
		{17D3C6D7-6E51-483E-97D5-CEE7826F30C4}.Release|x86.Build.0 = Release|Any CPU
		{8C15F45F-DA1A-4277-AE54-7CD79B78C9A7}.Debug|Any CPU.ActiveCfg = Debug|Any CPU
		{8C15F45F-DA1A-4277-AE54-7CD79B78C9A7}.Debug|Any CPU.Build.0 = Debug|Any CPU
		{8C15F45F-DA1A-4277-AE54-7CD79B78C9A7}.Debug|x64.ActiveCfg = Debug|Any CPU
		{8C15F45F-DA1A-4277-AE54-7CD79B78C9A7}.Debug|x64.Build.0 = Debug|Any CPU
		{8C15F45F-DA1A-4277-AE54-7CD79B78C9A7}.Debug|x86.ActiveCfg = Debug|Any CPU
		{8C15F45F-DA1A-4277-AE54-7CD79B78C9A7}.Debug|x86.Build.0 = Debug|Any CPU
		{8C15F45F-DA1A-4277-AE54-7CD79B78C9A7}.Release|Any CPU.ActiveCfg = Release|Any CPU
		{8C15F45F-DA1A-4277-AE54-7CD79B78C9A7}.Release|Any CPU.Build.0 = Release|Any CPU
		{8C15F45F-DA1A-4277-AE54-7CD79B78C9A7}.Release|x64.ActiveCfg = Release|Any CPU
		{8C15F45F-DA1A-4277-AE54-7CD79B78C9A7}.Release|x64.Build.0 = Release|Any CPU
		{8C15F45F-DA1A-4277-AE54-7CD79B78C9A7}.Release|x86.ActiveCfg = Release|Any CPU
		{8C15F45F-DA1A-4277-AE54-7CD79B78C9A7}.Release|x86.Build.0 = Release|Any CPU
		{61AA4B84-B4F7-460F-9795-5619B30D4489}.Debug|Any CPU.ActiveCfg = Debug|Any CPU
		{61AA4B84-B4F7-460F-9795-5619B30D4489}.Debug|Any CPU.Build.0 = Debug|Any CPU
		{61AA4B84-B4F7-460F-9795-5619B30D4489}.Debug|x64.ActiveCfg = Debug|Any CPU
		{61AA4B84-B4F7-460F-9795-5619B30D4489}.Debug|x64.Build.0 = Debug|Any CPU
		{61AA4B84-B4F7-460F-9795-5619B30D4489}.Debug|x86.ActiveCfg = Debug|Any CPU
		{61AA4B84-B4F7-460F-9795-5619B30D4489}.Debug|x86.Build.0 = Debug|Any CPU
		{61AA4B84-B4F7-460F-9795-5619B30D4489}.Release|Any CPU.ActiveCfg = Release|Any CPU
		{61AA4B84-B4F7-460F-9795-5619B30D4489}.Release|Any CPU.Build.0 = Release|Any CPU
		{61AA4B84-B4F7-460F-9795-5619B30D4489}.Release|x64.ActiveCfg = Release|Any CPU
		{61AA4B84-B4F7-460F-9795-5619B30D4489}.Release|x64.Build.0 = Release|Any CPU
		{61AA4B84-B4F7-460F-9795-5619B30D4489}.Release|x86.ActiveCfg = Release|Any CPU
		{61AA4B84-B4F7-460F-9795-5619B30D4489}.Release|x86.Build.0 = Release|Any CPU
		{F6FB775A-0665-4534-9406-35F4D07A96CF}.Debug|Any CPU.ActiveCfg = Debug|Any CPU
		{F6FB775A-0665-4534-9406-35F4D07A96CF}.Debug|Any CPU.Build.0 = Debug|Any CPU
		{F6FB775A-0665-4534-9406-35F4D07A96CF}.Debug|x64.ActiveCfg = Debug|Any CPU
		{F6FB775A-0665-4534-9406-35F4D07A96CF}.Debug|x64.Build.0 = Debug|Any CPU
		{F6FB775A-0665-4534-9406-35F4D07A96CF}.Debug|x86.ActiveCfg = Debug|Any CPU
		{F6FB775A-0665-4534-9406-35F4D07A96CF}.Debug|x86.Build.0 = Debug|Any CPU
		{F6FB775A-0665-4534-9406-35F4D07A96CF}.Release|Any CPU.ActiveCfg = Release|Any CPU
		{F6FB775A-0665-4534-9406-35F4D07A96CF}.Release|Any CPU.Build.0 = Release|Any CPU
		{F6FB775A-0665-4534-9406-35F4D07A96CF}.Release|x64.ActiveCfg = Release|Any CPU
		{F6FB775A-0665-4534-9406-35F4D07A96CF}.Release|x64.Build.0 = Release|Any CPU
		{F6FB775A-0665-4534-9406-35F4D07A96CF}.Release|x86.ActiveCfg = Release|Any CPU
		{F6FB775A-0665-4534-9406-35F4D07A96CF}.Release|x86.Build.0 = Release|Any CPU
		{3A1FC18D-799E-4A8C-AD1A-BB87F26FBC38}.Debug|Any CPU.ActiveCfg = Debug|Any CPU
		{3A1FC18D-799E-4A8C-AD1A-BB87F26FBC38}.Debug|Any CPU.Build.0 = Debug|Any CPU
		{3A1FC18D-799E-4A8C-AD1A-BB87F26FBC38}.Debug|x64.ActiveCfg = Debug|Any CPU
		{3A1FC18D-799E-4A8C-AD1A-BB87F26FBC38}.Debug|x64.Build.0 = Debug|Any CPU
		{3A1FC18D-799E-4A8C-AD1A-BB87F26FBC38}.Debug|x86.ActiveCfg = Debug|Any CPU
		{3A1FC18D-799E-4A8C-AD1A-BB87F26FBC38}.Debug|x86.Build.0 = Debug|Any CPU
		{3A1FC18D-799E-4A8C-AD1A-BB87F26FBC38}.Release|Any CPU.ActiveCfg = Release|Any CPU
		{3A1FC18D-799E-4A8C-AD1A-BB87F26FBC38}.Release|Any CPU.Build.0 = Release|Any CPU
		{3A1FC18D-799E-4A8C-AD1A-BB87F26FBC38}.Release|x64.ActiveCfg = Release|Any CPU
		{3A1FC18D-799E-4A8C-AD1A-BB87F26FBC38}.Release|x64.Build.0 = Release|Any CPU
		{3A1FC18D-799E-4A8C-AD1A-BB87F26FBC38}.Release|x86.ActiveCfg = Release|Any CPU
		{3A1FC18D-799E-4A8C-AD1A-BB87F26FBC38}.Release|x86.Build.0 = Release|Any CPU
		{82934D21-EBB5-4A99-B8EF-D628F24511D3}.Debug|Any CPU.ActiveCfg = Debug|Any CPU
		{82934D21-EBB5-4A99-B8EF-D628F24511D3}.Debug|Any CPU.Build.0 = Debug|Any CPU
		{82934D21-EBB5-4A99-B8EF-D628F24511D3}.Debug|x64.ActiveCfg = Debug|Any CPU
		{82934D21-EBB5-4A99-B8EF-D628F24511D3}.Debug|x64.Build.0 = Debug|Any CPU
		{82934D21-EBB5-4A99-B8EF-D628F24511D3}.Debug|x86.ActiveCfg = Debug|Any CPU
		{82934D21-EBB5-4A99-B8EF-D628F24511D3}.Debug|x86.Build.0 = Debug|Any CPU
		{82934D21-EBB5-4A99-B8EF-D628F24511D3}.Release|Any CPU.ActiveCfg = Release|Any CPU
		{82934D21-EBB5-4A99-B8EF-D628F24511D3}.Release|Any CPU.Build.0 = Release|Any CPU
		{82934D21-EBB5-4A99-B8EF-D628F24511D3}.Release|x64.ActiveCfg = Release|Any CPU
		{82934D21-EBB5-4A99-B8EF-D628F24511D3}.Release|x64.Build.0 = Release|Any CPU
		{82934D21-EBB5-4A99-B8EF-D628F24511D3}.Release|x86.ActiveCfg = Release|Any CPU
		{82934D21-EBB5-4A99-B8EF-D628F24511D3}.Release|x86.Build.0 = Release|Any CPU
	EndGlobalSection
	GlobalSection(SolutionProperties) = preSolution
		HideSolutionNode = FALSE
	EndGlobalSection
	GlobalSection(NestedProjects) = preSolution
		{EC20F460-E1E9-40C3-92B9-DA33041C567B} = {827E0CD3-B72D-47B6-A68D-7590B98EB39B}
		{1B8FAC5E-42E6-4DF0-80A0-9DF1C115E1EE} = {827E0CD3-B72D-47B6-A68D-7590B98EB39B}
		{7A09D366-1B8F-4444-8245-C46E60431F75} = {827E0CD3-B72D-47B6-A68D-7590B98EB39B}
		{3C5A41C4-7120-421C-9CB8-7794348EB905} = {827E0CD3-B72D-47B6-A68D-7590B98EB39B}
		{A76FCCFE-6D09-4283-9645-2534509DA723} = {0AB3BF05-4346-4AA6-1389-037BE0695223}
		{84B63EB9-7979-4A74-A650-D370FC1BC385} = {827E0CD3-B72D-47B6-A68D-7590B98EB39B}
		{82CD2256-A499-4669-95E3-E68FE09B34C0} = {0AB3BF05-4346-4AA6-1389-037BE0695223}
		{17D3C6D7-6E51-483E-97D5-CEE7826F30C4} = {0AB3BF05-4346-4AA6-1389-037BE0695223}
		{8C15F45F-DA1A-4277-AE54-7CD79B78C9A7} = {0AB3BF05-4346-4AA6-1389-037BE0695223}
		{61AA4B84-B4F7-460F-9795-5619B30D4489} = {827E0CD3-B72D-47B6-A68D-7590B98EB39B}
		{0ED35D3F-1D0D-3663-7390-57D121E8D07B} = {5854FF58-B8C5-05C6-5BF2-ACE42193F22B}
		{F6FB775A-0665-4534-9406-35F4D07A96CF} = {0ED35D3F-1D0D-3663-7390-57D121E8D07B}
		{2004EF9C-5992-6A92-9D26-C41AE69D64AD} = {5854FF58-B8C5-05C6-5BF2-ACE42193F22B}
		{3A1FC18D-799E-4A8C-AD1A-BB87F26FBC38} = {2004EF9C-5992-6A92-9D26-C41AE69D64AD}
		{326F2CD6-A4A0-26A8-90D1-E4512EF5DD5F} = {5854FF58-B8C5-05C6-5BF2-ACE42193F22B}
		{82934D21-EBB5-4A99-B8EF-D628F24511D3} = {326F2CD6-A4A0-26A8-90D1-E4512EF5DD5F}
	EndGlobalSection
EndGlobal
